
Microsoft Visual Studio Solution File, Format Version 12.00
# Visual Studio Version 16
VisualStudioVersion = 16.0.29306.81
MinimumVisualStudioVersion = 10.0.40219.1
Project("{FAE04EC0-301F-11D3-BF4B-00C04F79EFBC}") = "AutoDataScraper", "AutoDataScraper.csproj", "{C4E4F1D7-E41D-47B6-B397-9DF9CE24DA63}"
EndProject
Global
	GlobalSection(SolutionConfigurationPlatforms) = preSolution
		Debug|Any CPU = Debug|Any CPU
		Release|Any CPU = Release|Any CPU
	EndGlobalSection
	GlobalSection(ProjectConfigurationPlatforms) = postSolution
		{C4E4F1D7-E41D-47B6-B397-9DF9CE24DA63}.Debug|Any CPU.ActiveCfg = Debug|Any CPU
		{C4E4F1D7-E41D-47B6-B397-9DF9CE24DA63}.Debug|Any CPU.Build.0 = Debug|Any CPU
		{C4E4F1D7-E41D-47B6-B397-9DF9CE24DA63}.Release|Any CPU.ActiveCfg = Release|Any CPU
		{C4E4F1D7-E41D-47B6-B397-9DF9CE24DA63}.Release|Any CPU.Build.0 = Release|Any CPU
	EndGlobalSection
	GlobalSection(SolutionProperties) = preSolution
		HideSolutionNode = FALSE
	EndGlobalSection
	GlobalSection(ExtensibilityGlobals) = postSolution
		SolutionGuid = {6D595669-B307-48DC-A48F-25D8B4BB730E}
	EndGlobalSection
EndGlobal
